<?xml version="1.0" encoding="utf-8"?>
<Project ToolsVersion="4.0" xmlns="http://schemas.microsoft.com/developer/msbuild/2003">
  <ItemGroup>
    <Filter Include="소스 파일">
      <UniqueIdentifier>{4FC737F1-C7A5-4376-A066-2A32D752A2FF}</UniqueIdentifier>
      <Extensions>cpp;c;cc;cxx;c++;cppm;ixx;def;odl;idl;hpj;bat;asm;asmx</Extensions>
    </Filter>
    <Filter Include="헤더 파일">
      <UniqueIdentifier>{93995380-89BD-4b04-88EB-625FBE52EBFB}</UniqueIdentifier>
      <Extensions>h;hh;hpp;hxx;h++;hm;inl;inc;ipp;xsd</Extensions>
    </Filter>
    <Filter Include="리소스 파일">
      <UniqueIdentifier>{67DA6AB6-F800-4c08-8B7A-83BB121AAD01}</UniqueIdentifier>
      <Extensions>rc;ico;cur;bmp;dlg;rc2;rct;bin;rgs;gif;jpg;jpeg;jpe;resx;tiff;tif;png;wav;mfcribbon-ms</Extensions>
    </Filter>
  </ItemGroup>
  <ItemGroup>
    <ClCompile Include="code\RentBicycleUI.cpp">
      <Filter>소스 파일</Filter>
    </ClCompile>
    <ClCompile Include="code\RentedBicycleCollection.cpp">
      <Filter>소스 파일</Filter>
    </ClCompile>
    <ClCompile Include="code\UserManager.cpp">
      <Filter>소스 파일</Filter>
    </ClCompile>
    <ClCompile Include="code\ViewRentedBicycles.cpp">
      <Filter>소스 파일</Filter>
    </ClCompile>
    <ClCompile Include="code\ViewRentedBicyclesUI.cpp">
      <Filter>소스 파일</Filter>
    </ClCompile>
    <ClCompile Include="code\main.cpp">
      <Filter>소스 파일</Filter>
    </ClCompile>
    <ClCompile Include="code\AddBicycle.cpp">
      <Filter>소스 파일</Filter>
    </ClCompile>
    <ClCompile Include="code\AddBicycleUI.cpp">
      <Filter>소스 파일</Filter>
    </ClCompile>
    <ClCompile Include="code\Bicycle.cpp">
      <Filter>소스 파일</Filter>
    </ClCompile>
    <ClCompile Include="code\BicycleCollection.cpp">
      <Filter>소스 파일</Filter>
    </ClCompile>
    <ClCompile Include="code\CreateAccount.cpp">
      <Filter>소스 파일</Filter>
    </ClCompile>
    <ClCompile Include="code\CreateAccountUI.cpp">
      <Filter>소스 파일</Filter>
    </ClCompile>
    <ClCompile Include="code\LogIn.cpp">
      <Filter>소스 파일</Filter>
    </ClCompile>
    <ClCompile Include="code\LogInUI.cpp">
      <Filter>소스 파일</Filter>
    </ClCompile>
    <ClCompile Include="code\LogOut.cpp">
      <Filter>소스 파일</Filter>
    </ClCompile>
    <ClCompile Include="code\LogOutUI.cpp">
      <Filter>소스 파일</Filter>
    </ClCompile>
    <ClCompile Include="code\MemberAccount.cpp">
      <Filter>소스 파일</Filter>
    </ClCompile>
    <ClCompile Include="code\MemberAccountCollection.cpp">
      <Filter>소스 파일</Filter>
    </ClCompile>
    <ClCompile Include="code\RentBicycle.cpp">
      <Filter>소스 파일</Filter>
    </ClCompile>
    <ClCompile Include="code\ProgramExit.cpp">
      <Filter>소스 파일</Filter>
    </ClCompile>
    <ClCompile Include="code\ProgramExitUI.cpp">
      <Filter>소스 파일</Filter>
    </ClCompile>
  </ItemGroup>
  <ItemGroup>
    <ClInclude Include="code\AddBicycle.h">
      <Filter>헤더 파일</Filter>
    </ClInclude>
    <ClInclude Include="code\AddBicycleUI.h">
      <Filter>헤더 파일</Filter>
    </ClInclude>
    <ClInclude Include="code\Bicycle.h">
      <Filter>헤더 파일</Filter>
    </ClInclude>
    <ClInclude Include="code\BicycleCollection.h">
      <Filter>헤더 파일</Filter>
    </ClInclude>
    <ClInclude Include="code\CreateAccount.h">
      <Filter>헤더 파일</Filter>
    </ClInclude>
    <ClInclude Include="code\CreateAccountUI.h">
      <Filter>헤더 파일</Filter>
    </ClInclude>
    <ClInclude Include="code\fileio.h">
      <Filter>헤더 파일</Filter>
    </ClInclude>
    <ClInclude Include="code\LogIn.h">
      <Filter>헤더 파일</Filter>
    </ClInclude>
    <ClInclude Include="code\LogInUI.h">
      <Filter>헤더 파일</Filter>
    </ClInclude>
    <ClInclude Include="code\LogOut.h">
      <Filter>헤더 파일</Filter>
    </ClInclude>
    <ClInclude Include="code\LogOutUI.h">
      <Filter>헤더 파일</Filter>
    </ClInclude>
    <ClInclude Include="code\main.h">
      <Filter>헤더 파일</Filter>
    </ClInclude>
    <ClInclude Include="code\MemberAccount.h">
      <Filter>헤더 파일</Filter>
    </ClInclude>
    <ClInclude Include="code\MemberAccountCollection.h">
      <Filter>헤더 파일</Filter>
    </ClInclude>
    <ClInclude Include="code\ProgramExit.h">
      <Filter>헤더 파일</Filter>
    </ClInclude>
    <ClInclude Include="code\ProgramExitUI.h">
      <Filter>헤더 파일</Filter>
    </ClInclude>
    <ClInclude Include="code\RentBicycle.h">
      <Filter>헤더 파일</Filter>
    </ClInclude>
    <ClInclude Include="code\RentBicycleUI.h">
      <Filter>헤더 파일</Filter>
    </ClInclude>
    <ClInclude Include="code\RentedBicycleCollection.h">
      <Filter>헤더 파일</Filter>
    </ClInclude>
    <ClInclude Include="code\UserManager.h">
      <Filter>헤더 파일</Filter>
    </ClInclude>
    <ClInclude Include="code\ViewRentedBicycles.h">
      <Filter>헤더 파일</Filter>
    </ClInclude>
    <ClInclude Include="code\ViewRentedBicyclesUI.h">
      <Filter>헤더 파일</Filter>
    </ClInclude>
  </ItemGroup>
</Project>